
Microsoft Visual Studio Solution File, Format Version 12.00
# Visual Studio Version 17
VisualStudioVersion = 17.7.34009.444
MinimumVisualStudioVersion = 10.0.40219.1
Project("{9A19103F-16F7-4668-BE54-9A1E7A4F7556}") = "U1-24KompiuterinisZaidimas", "U1-24KompiuterinisZaidimas\U1-24KompiuterinisZaidimas.csproj", "{59E8AED7-BCFF-4CCB-B99D-B988168069D8}"
EndProject
Project("{2150E333-8FDC-42A3-9474-1A3956D46DE8}") = "Solution Items", "Solution Items", "{D42E9605-7675-4155-840B-919BC85D6376}"
	ProjectSection(SolutionItems) = preProject
		Elfai.csv = Elfai.csv
		Troliai.csv = Troliai.csv
	EndProjectSection
EndProject
Global
	GlobalSection(SolutionConfigurationPlatforms) = preSolution
		Debug|Any CPU = Debug|Any CPU
		Release|Any CPU = Release|Any CPU
	EndGlobalSection
	GlobalSection(ProjectConfigurationPlatforms) = postSolution
		{59E8AED7-BCFF-4CCB-B99D-B988168069D8}.Debug|Any CPU.ActiveCfg = Debug|Any CPU
		{59E8AED7-BCFF-4CCB-B99D-B988168069D8}.Debug|Any CPU.Build.0 = Debug|Any CPU
		{59E8AED7-BCFF-4CCB-B99D-B988168069D8}.Release|Any CPU.ActiveCfg = Release|Any CPU
		{59E8AED7-BCFF-4CCB-B99D-B988168069D8}.Release|Any CPU.Build.0 = Release|Any CPU
	EndGlobalSection
	GlobalSection(SolutionProperties) = preSolution
		HideSolutionNode = FALSE
	EndGlobalSection
	GlobalSection(ExtensibilityGlobals) = postSolution
		SolutionGuid = {5E47FA07-3A24-4703-A323-D87A61776BA4}
	EndGlobalSection
EndGlobal
